lockfileVersion: 5.4

specifiers:
  prettier: ^3.5.2

dependencies:
  prettier: 3.5.2

packages:

  /prettier/3.5.2:
    resolution: {integrity: sha512-lc6npv5PH7hVqozBR7lkBNOGXV9vMwROAPlumdBkX0wTbbzPu/U1hk5yL8p2pt4Xoc+2mkT8t/sow2YrV/M5qg==}
    engines: {node: '>=14'}
    hasBin: true
    dev: false
