# THIS IS AN AUTOGENERATED FILE. DO NOT EDIT THIS FILE DIRECTLY.
# yarn lockfile v1


husky@^9.1.7:
  version "9.1.7"
  resolved "https://registry.yarnpkg.com/husky/-/husky-9.1.7.tgz#d46a38035d101b46a70456a850ff4201344c0b2d"
  integrity sha512-5gs5ytaNjBrh5Ow3zrvdUUY+0VxIuWVL4i9irt6friV+BqdCfmV11CQTWMiBYWHbXhco+J1kHfTOUkePhCDvMA==

jsonata@^2.0.6:
  version "2.0.6"
  resolved "https://registry.yarnpkg.com/jsonata/-/jsonata-2.0.6.tgz#1187ec97f4662d6857b1cc40770f3ea61345d04c"
  integrity sha512-WhQB5tXQ32qjkx2GYHFw2XbL90u+LLzjofAYwi+86g6SyZeXHz9F1Q0amy3dWRYczshOC3Haok9J4pOCgHtwyQ==

prettier@^3.5.2:
  version "3.5.2"
  resolved "https://registry.yarnpkg.com/prettier/-/prettier-3.5.2.tgz#d066c6053200da0234bf8fa1ef45168abed8b914"
  integrity sha512-lc6npv5PH7hVqozBR7lkBNOGXV9vMwROAPlumdBkX0wTbbzPu/U1hk5yL8p2pt4Xoc+2mkT8t/sow2YrV/M5qg==
