# THIS IS AN AUTOGENERATED FILE. DO NOT EDIT THIS FILE DIRECTLY.
# yarn lockfile v1


"@dual-bundle/import-meta-resolve@^4.2.1":
  version "4.2.1"
  resolved "https://registry.yarnpkg.com/@dual-bundle/import-meta-resolve/-/import-meta-resolve-4.2.1.tgz#cd0b25b3808cd9e684cd6cd549bbf8e1dcf05ee7"
  integrity sha512-id+7YRUgoUX6CgV0DtuhirQWodeeA7Lf4i2x71JS/vtA5pRb/hIGWlw+G6MeXvsM+MXrz0VAydTGElX1rAfgPg==

"@tombi-toml/wasm-lib@^1.5.5":
  version "1.7.1"
  resolved "https://registry.yarnpkg.com/@tombi-toml/wasm-lib/-/wasm-lib-1.7.1.tgz#723596f85bc8f34047e8bd75f3c97b8eadaa7315"
  integrity sha512-z+8BRpJ8kaU2uWVtWCuo3+vdgTi3iglMKLrYbxkSJUAC1LUP4iVd6HKvPIggrvg1miOGqXPJQPogfqN3EIHpYg==

husky@9.1.7:
  version "9.1.7"
  resolved "https://registry.yarnpkg.com/husky/-/husky-9.1.7.tgz#d46a38035d101b46a70456a850ff4201344c0b2d"
  integrity sha512-5gs5ytaNjBrh5Ow3zrvdUUY+0VxIuWVL4i9irt6friV+BqdCfmV11CQTWMiBYWHbXhco+J1kHfTOUkePhCDvMA==

lint-staged@17.6.0:
  version "17.6.0"
  resolved "https://registry.yarnpkg.com/lint-staged/-/lint-staged-17.6.0.tgz#756fa50b4d4d9032ab05f64ef899eee81e44d421"
  integrity sha512-nOhBfYkZEwkFtNzD5pK9s9LkcWoxJ+whLzEnhqi9nl7zTB5n7tg8+9iYgMGx2Wm3VlLu8cbNj0RACzY+nWi5iQ==
  dependencies:
    picomatch "^4.0.7"
    string-argv "^0.3.2"
    tinyexec "^1.3.1"
  optionalDependencies:
    yaml "^2.9.1"

picomatch@^4.0.7:
  version "4.0.7"
  resolved "https://registry.yarnpkg.com/picomatch/-/picomatch-4.0.7.tgz#6313360034ccb36b3dc61ecbdff78121f90fe21f"
  integrity sha512-qcJu88Q2IWqJsDD529JKMdwGm/dvInW4HvQnRwiH9JtihJvzGOscDtHE3x1pBKeUOTysQ8kVmLnJ2kJu7yhcGA==

prettier-plugin-toml@3.0.2:
  version "3.0.2"
  resolved "https://registry.yarnpkg.com/prettier-plugin-toml/-/prettier-plugin-toml-3.0.2.tgz#bf5b404e0515b4e434849427519127c7965b2023"
  integrity sha512-1t1FOSGaXNy7xN6ffE7ND71VqsnbUtanGEKAD1hTwFDrGIH1cwZ0KH6lMThDVItjdV/UUJWqD3f1+16AHG3eUQ==
  dependencies:
    "@dual-bundle/import-meta-resolve" "^4.2.1"
    "@tombi-toml/wasm-lib" "^1.5.5"
    smol-toml "^1.8.0"

prettier@3.9.9:
  version "3.9.9"
  resolved "https://registry.yarnpkg.com/prettier/-/prettier-3.9.9.tgz#09b826918c91cd4cbc80e0cbd1d2a922ff04f233"
  integrity sha512-Z/CJHIkdujO/OtN7nXUii0Rf3VT5SRuhjBA82Xvu2XhBUgX3nhP67T0LHceBdQLex7OOFGTox+Q5Yg8Jk2Qivg==

smol-toml@^1.8.0:
  version "1.9.0"
  resolved "https://registry.yarnpkg.com/smol-toml/-/smol-toml-1.9.0.tgz#f36b8dc7eb621c541c48f9fba6925dab95172817"
  integrity sha512-hpd+HLON7HdZXqYchMM/+LaTTbdK0AU3NngIJ4KVyWbY9bfQqdL9cD+4yf6dUoU2Ap4VsU0JkQi6FxAI1B2mXQ==

string-argv@^0.3.2:
  version "0.3.2"
  resolved "https://registry.yarnpkg.com/string-argv/-/string-argv-0.3.2.tgz#2b6d0ef24b656274d957d54e0a4bbf6153dc02b6"
  integrity sha512-aqD2Q0144Z+/RqG52NeHEkZauTAUWJO8c6yTftGJKO3Tja5tUgIfmIl6kExvhtxSDP7fXB6DvzkfMpCd/F3G+Q==

tinyexec@^1.3.1:
  version "1.3.1"
  resolved "https://registry.yarnpkg.com/tinyexec/-/tinyexec-1.3.1.tgz#16a2e3c6e23fafce72640e678e651db36145b9c6"
  integrity sha512-GCvB3aoys96IuDFBMcTB46JOR6mdMtAToqwiW8JlWhsoh1mhHi/xn9ss/Dg7N555GiJyEt2qzoG/NHCwM6h1EA==

yaml@^2.9.1:
  version "2.9.1"
  resolved "https://registry.yarnpkg.com/yaml/-/yaml-2.9.1.tgz#c16233fb31944e705cfefaff38795587f57588ce"
  integrity sha512-3NxN8+78OdzbT7C/WjGsyfPAtJaN3FNDsWxv7Y7mcDsT/oOmgW8BpyQQFFBnvZE3j9Y2Sdz1ULFLezL7Eb2yFw==
